{
    "_meta": {
        "hash": {
            "sha256": "7298cb0ffe17479ad7937ddd737720fb3f6c991fe35404e98f4deeaf6c4738cc"
        },
        "pipfile-spec": 6,
        "requires": {
            "python_version": "3.10.1"
        },
        "sources": [
            {
                "name": "pypi",
                "url": "https://pypi.org/simple",
                "verify_ssl": true
            }
        ]
    },
    "default": {},
    "develop": {}
}
